
Microsoft Visual Studio Solution File, Format Version 12.00
# Visual Studio Version 17
VisualStudioVersion = 17.11.35327.3
MinimumVisualStudioVersion = 10.0.40219.1
Project("{2150E333-8FDC-42A3-9474-1A3956D46DE8}") = "Task0", "Task0", "{8EAA709E-82FC-4E3E-830A-CC42EB7074CB}"
EndProject
Project("{FAE04EC0-301F-11D3-BF4B-00C04F79EFBC}") = "Tyuiu.AkhmetovRR.Sprint6.Task0.V10", "Tyuiu.AkhmetovRR.Sprint6.Task0.V10\Tyuiu.AkhmetovRR.Sprint6.Task0.V10.csproj", "{161163E4-8261-4E80-A9A6-3DF959DE524E}"
EndProject
Project("{FAE04EC0-301F-11D3-BF4B-00C04F79EFBC}") = "Tyuiu.AkhmetovRR.Sprint6.Task0.V10.Lib", "Tyuiu.AkhmetovRR.Sprint6.Task0.V10.Lib\Tyuiu.AkhmetovRR.Sprint6.Task0.V10.Lib.csproj", "{91633B30-8603-43B4-B3DE-7801E2B2F492}"
EndProject
Project("{FAE04EC0-301F-11D3-BF4B-00C04F79EFBC}") = "Tyuiu.AkhmetovRR.Sprint6.Task0.V10.Test", "Tyuiu.AkhmetovRR.Sprint6.Task0.V10.Test\Tyuiu.AkhmetovRR.Sprint6.Task0.V10.Test.csproj", "{09C41030-BFC5-4CA7-9BB4-191CBCD22D80}"
EndProject
Project("{2150E333-8FDC-42A3-9474-1A3956D46DE8}") = "Task1", "Task1", "{46373B89-9531-415F-AF41-C12823F8DB3F}"
EndProject
Project("{FAE04EC0-301F-11D3-BF4B-00C04F79EFBC}") = "Tyuiu.AkhmetovRR.Sprint6.Task1.V5", "Tyuiu.AkhmetovRR.Sprint6.Task1.V5\Tyuiu.AkhmetovRR.Sprint6.Task1.V5.csproj", "{EB098405-5C19-498F-8974-C0F122BF0779}"
EndProject
Project("{FAE04EC0-301F-11D3-BF4B-00C04F79EFBC}") = "Tyuiu.AkhmetovRR.Sprint6.Task1.V5.Lib", "Tyuiu.AkhmetovRR.Sprint6.Task1.V5.Lib\Tyuiu.AkhmetovRR.Sprint6.Task1.V5.Lib.csproj", "{9DE862A8-2DC1-40CC-B88E-FED18DA4257F}"
EndProject
Project("{FAE04EC0-301F-11D3-BF4B-00C04F79EFBC}") = "Tyuiu.AkhmetovRR.Sprint6.Task1.V5.Test", "Tyuiu.AkhmetovRR.Sprint6.Task1.V5.Test\Tyuiu.AkhmetovRR.Sprint6.Task1.V5.Test.csproj", "{688D8479-1179-403C-B314-9777F53C6B63}"
EndProject
Project("{2150E333-8FDC-42A3-9474-1A3956D46DE8}") = "Task2", "Task2", "{BF91649B-7199-47EE-AC1D-87056675E7A6}"
EndProject
Project("{FAE04EC0-301F-11D3-BF4B-00C04F79EFBC}") = "Tyuiu.AkhmetovRR.Sprint6.Task2.V27", "Tyuiu.AkhmetovRR.Sprint6.Task2.V27\Tyuiu.AkhmetovRR.Sprint6.Task2.V27.csproj", "{85485333-CD48-44E4-B174-AD7D39F7646B}"
EndProject
Project("{FAE04EC0-301F-11D3-BF4B-00C04F79EFBC}") = "Tyuiu.AkhmetovRR.Sprint6.Task2.V27.Lib", "Tyuiu.AkhmetovRR.Sprint6.Task2.V27.Lib\Tyuiu.AkhmetovRR.Sprint6.Task2.V27.Lib.csproj", "{2CA06D94-7EDF-4037-B2BF-D711EAC2C837}"
EndProject
Project("{FAE04EC0-301F-11D3-BF4B-00C04F79EFBC}") = "Tyuiu.AkhmetovRR.Sprint6.Task2.V27.Test", "Tyuiu.AkhmetovRR.Sprint6.Task2.V27.Test\Tyuiu.AkhmetovRR.Sprint6.Task2.V27.Test.csproj", "{2A9D8685-7EC3-45DA-9C18-F3ABC89CF0E8}"
EndProject
Project("{2150E333-8FDC-42A3-9474-1A3956D46DE8}") = "Task3", "Task3", "{D0457895-96D7-4693-B6C6-3916B8572B12}"
EndProject
Project("{FAE04EC0-301F-11D3-BF4B-00C04F79EFBC}") = "Tyuiu.AkhmetovRR.Sprint6.Task3.V5", "Tyuiu.AkhmetovRR.Sprint6.Task3.V5\Tyuiu.AkhmetovRR.Sprint6.Task3.V5.csproj", "{04D25AF3-B1D1-4097-97A4-BBBC167E59AB}"
EndProject
Project("{FAE04EC0-301F-11D3-BF4B-00C04F79EFBC}") = "Tyuiu.AkhmetovRR.Sprint6.Task3.V5.Lib", "Tyuiu.AkhmetovRR.Sprint6.Task3.V5.Lib\Tyuiu.AkhmetovRR.Sprint6.Task3.V5.Lib.csproj", "{68AE465E-528D-42D9-83DC-E6CAC80A6C6C}"
EndProject
Project("{FAE04EC0-301F-11D3-BF4B-00C04F79EFBC}") = "Tyuiu.AkhmetovRR.Sprint6.Task3.V5.Test", "Tyuiu.AkhmetovRR.Sprint6.Task3.V5.Test\Tyuiu.AkhmetovRR.Sprint6.Task3.V5.Test.csproj", "{CD5C017D-3874-412A-935E-60BA2B736AE6}"
EndProject
Global
	GlobalSection(SolutionConfigurationPlatforms) = preSolution
		Debug|Any CPU = Debug|Any CPU
		Release|Any CPU = Release|Any CPU
	EndGlobalSection
	GlobalSection(ProjectConfigurationPlatforms) = postSolution
		{161163E4-8261-4E80-A9A6-3DF959DE524E}.Debug|Any CPU.ActiveCfg = Debug|Any CPU
		{161163E4-8261-4E80-A9A6-3DF959DE524E}.Debug|Any CPU.Build.0 = Debug|Any CPU
		{161163E4-8261-4E80-A9A6-3DF959DE524E}.Release|Any CPU.ActiveCfg = Release|Any CPU
		{161163E4-8261-4E80-A9A6-3DF959DE524E}.Release|Any CPU.Build.0 = Release|Any CPU
		{91633B30-8603-43B4-B3DE-7801E2B2F492}.Debug|Any CPU.ActiveCfg = Debug|Any CPU
		{91633B30-8603-43B4-B3DE-7801E2B2F492}.Debug|Any CPU.Build.0 = Debug|Any CPU
		{91633B30-8603-43B4-B3DE-7801E2B2F492}.Release|Any CPU.ActiveCfg = Release|Any CPU
		{91633B30-8603-43B4-B3DE-7801E2B2F492}.Release|Any CPU.Build.0 = Release|Any CPU
		{09C41030-BFC5-4CA7-9BB4-191CBCD22D80}.Debug|Any CPU.ActiveCfg = Debug|Any CPU
		{09C41030-BFC5-4CA7-9BB4-191CBCD22D80}.Debug|Any CPU.Build.0 = Debug|Any CPU
		{09C41030-BFC5-4CA7-9BB4-191CBCD22D80}.Release|Any CPU.ActiveCfg = Release|Any CPU
		{09C41030-BFC5-4CA7-9BB4-191CBCD22D80}.Release|Any CPU.Build.0 = Release|Any CPU
		{EB098405-5C19-498F-8974-C0F122BF0779}.Debug|Any CPU.ActiveCfg = Debug|Any CPU
		{EB098405-5C19-498F-8974-C0F122BF0779}.Debug|Any CPU.Build.0 = Debug|Any CPU
		{EB098405-5C19-498F-8974-C0F122BF0779}.Release|Any CPU.ActiveCfg = Release|Any CPU
		{EB098405-5C19-498F-8974-C0F122BF0779}.Release|Any CPU.Build.0 = Release|Any CPU
		{9DE862A8-2DC1-40CC-B88E-FED18DA4257F}.Debug|Any CPU.ActiveCfg = Debug|Any CPU
		{9DE862A8-2DC1-40CC-B88E-FED18DA4257F}.Debug|Any CPU.Build.0 = Debug|Any CPU
		{9DE862A8-2DC1-40CC-B88E-FED18DA4257F}.Release|Any CPU.ActiveCfg = Release|Any CPU
		{9DE862A8-2DC1-40CC-B88E-FED18DA4257F}.Release|Any CPU.Build.0 = Release|Any CPU
		{688D8479-1179-403C-B314-9777F53C6B63}.Debug|Any CPU.ActiveCfg = Debug|Any CPU
		{688D8479-1179-403C-B314-9777F53C6B63}.Debug|Any CPU.Build.0 = Debug|Any CPU
		{688D8479-1179-403C-B314-9777F53C6B63}.Release|Any CPU.ActiveCfg = Release|Any CPU
		{688D8479-1179-403C-B314-9777F53C6B63}.Release|Any CPU.Build.0 = Release|Any CPU
		{85485333-CD48-44E4-B174-AD7D39F7646B}.Debug|Any CPU.ActiveCfg = Debug|Any CPU
		{85485333-CD48-44E4-B174-AD7D39F7646B}.Debug|Any CPU.Build.0 = Debug|Any CPU
		{85485333-CD48-44E4-B174-AD7D39F7646B}.Release|Any CPU.ActiveCfg = Release|Any CPU
		{85485333-CD48-44E4-B174-AD7D39F7646B}.Release|Any CPU.Build.0 = Release|Any CPU
		{2CA06D94-7EDF-4037-B2BF-D711EAC2C837}.Debug|Any CPU.ActiveCfg = Debug|Any CPU
		{2CA06D94-7EDF-4037-B2BF-D711EAC2C837}.Debug|Any CPU.Build.0 = Debug|Any CPU
		{2CA06D94-7EDF-4037-B2BF-D711EAC2C837}.Release|Any CPU.ActiveCfg = Release|Any CPU
		{2CA06D94-7EDF-4037-B2BF-D711EAC2C837}.Release|Any CPU.Build.0 = Release|Any CPU
		{2A9D8685-7EC3-45DA-9C18-F3ABC89CF0E8}.Debug|Any CPU.ActiveCfg = Debug|Any CPU
		{2A9D8685-7EC3-45DA-9C18-F3ABC89CF0E8}.Debug|Any CPU.Build.0 = Debug|Any CPU
		{2A9D8685-7EC3-45DA-9C18-F3ABC89CF0E8}.Release|Any CPU.ActiveCfg = Release|Any CPU
		{2A9D8685-7EC3-45DA-9C18-F3ABC89CF0E8}.Release|Any CPU.Build.0 = Release|Any CPU
		{04D25AF3-B1D1-4097-97A4-BBBC167E59AB}.Debug|Any CPU.ActiveCfg = Debug|Any CPU
		{04D25AF3-B1D1-4097-97A4-BBBC167E59AB}.Debug|Any CPU.Build.0 = Debug|Any CPU
		{04D25AF3-B1D1-4097-97A4-BBBC167E59AB}.Release|Any CPU.ActiveCfg = Release|Any CPU
		{04D25AF3-B1D1-4097-97A4-BBBC167E59AB}.Release|Any CPU.Build.0 = Release|Any CPU
		{68AE465E-528D-42D9-83DC-E6CAC80A6C6C}.Debug|Any CPU.ActiveCfg = Debug|Any CPU
		{68AE465E-528D-42D9-83DC-E6CAC80A6C6C}.Debug|Any CPU.Build.0 = Debug|Any CPU
		{68AE465E-528D-42D9-83DC-E6CAC80A6C6C}.Release|Any CPU.ActiveCfg = Release|Any CPU
		{68AE465E-528D-42D9-83DC-E6CAC80A6C6C}.Release|Any CPU.Build.0 = Release|Any CPU
		{CD5C017D-3874-412A-935E-60BA2B736AE6}.Debug|Any CPU.ActiveCfg = Debug|Any CPU
		{CD5C017D-3874-412A-935E-60BA2B736AE6}.Debug|Any CPU.Build.0 = Debug|Any CPU
		{CD5C017D-3874-412A-935E-60BA2B736AE6}.Release|Any CPU.ActiveCfg = Release|Any CPU
		{CD5C017D-3874-412A-935E-60BA2B736AE6}.Release|Any CPU.Build.0 = Release|Any CPU
	EndGlobalSection
	GlobalSection(SolutionProperties) = preSolution
		HideSolutionNode = FALSE
	EndGlobalSection
	GlobalSection(NestedProjects) = preSolution
		{161163E4-8261-4E80-A9A6-3DF959DE524E} = {8EAA709E-82FC-4E3E-830A-CC42EB7074CB}
		{91633B30-8603-43B4-B3DE-7801E2B2F492} = {8EAA709E-82FC-4E3E-830A-CC42EB7074CB}
		{09C41030-BFC5-4CA7-9BB4-191CBCD22D80} = {8EAA709E-82FC-4E3E-830A-CC42EB7074CB}
		{EB098405-5C19-498F-8974-C0F122BF0779} = {46373B89-9531-415F-AF41-C12823F8DB3F}
		{9DE862A8-2DC1-40CC-B88E-FED18DA4257F} = {46373B89-9531-415F-AF41-C12823F8DB3F}
		{688D8479-1179-403C-B314-9777F53C6B63} = {46373B89-9531-415F-AF41-C12823F8DB3F}
		{85485333-CD48-44E4-B174-AD7D39F7646B} = {BF91649B-7199-47EE-AC1D-87056675E7A6}
		{2CA06D94-7EDF-4037-B2BF-D711EAC2C837} = {BF91649B-7199-47EE-AC1D-87056675E7A6}
		{2A9D8685-7EC3-45DA-9C18-F3ABC89CF0E8} = {BF91649B-7199-47EE-AC1D-87056675E7A6}
		{04D25AF3-B1D1-4097-97A4-BBBC167E59AB} = {D0457895-96D7-4693-B6C6-3916B8572B12}
		{68AE465E-528D-42D9-83DC-E6CAC80A6C6C} = {D0457895-96D7-4693-B6C6-3916B8572B12}
		{CD5C017D-3874-412A-935E-60BA2B736AE6} = {D0457895-96D7-4693-B6C6-3916B8572B12}
	EndGlobalSection
	GlobalSection(ExtensibilityGlobals) = postSolution
		SolutionGuid = {85EA9D0B-759F-460B-AFDC-40F0AF91E267}
	EndGlobalSection
EndGlobal
